
Microsoft Visual Studio Solution File, Format Version 12.00
# Visual Studio Version 17
VisualStudioVersion = 17.9.34723.18
MinimumVisualStudioVersion = 10.0.40219.1
Project("{FAE04EC0-301F-11D3-BF4B-00C04F79EFBC}") = "PdvVendas", "PdvVendas.csproj", "{50831A9C-7D97-4CB9-B4A0-A77B41AB6B20}"
EndProject
Global
	GlobalSection(SolutionConfigurationPlatforms) = preSolution
		Debug|Any CPU = Debug|Any CPU
		Release|Any CPU = Release|Any CPU
	EndGlobalSection
	GlobalSection(ProjectConfigurationPlatforms) = postSolution
		{50831A9C-7D97-4CB9-B4A0-A77B41AB6B20}.Debug|Any CPU.ActiveCfg = Debug|Any CPU
		{50831A9C-7D97-4CB9-B4A0-A77B41AB6B20}.Debug|Any CPU.Build.0 = Debug|Any CPU
		{50831A9C-7D97-4CB9-B4A0-A77B41AB6B20}.Release|Any CPU.ActiveCfg = Release|Any CPU
		{50831A9C-7D97-4CB9-B4A0-A77B41AB6B20}.Release|Any CPU.Build.0 = Release|Any CPU
	EndGlobalSection
	GlobalSection(SolutionProperties) = preSolution
		HideSolutionNode = FALSE
	EndGlobalSection
	GlobalSection(ExtensibilityGlobals) = postSolution
		SolutionGuid = {60D0892D-0738-4BEA-9761-44370E3DEF7D}
	EndGlobalSection
EndGlobal
